
Microsoft Visual Studio Solution File, Format Version 12.00
# Visual Studio Version 17
VisualStudioVersion = 17.9.34723.18
MinimumVisualStudioVersion = 10.0.40219.1
Project("{9A19103F-16F7-4668-BE54-9A1E7A4F7556}") = "FIM", "FIM.csproj", "{E8E22A73-D0DB-4008-B13D-416EA7F56917}"
EndProject
Global
	GlobalSection(SolutionConfigurationPlatforms) = preSolution
		Debug|Any CPU = Debug|Any CPU
		Release|Any CPU = Release|Any CPU
	EndGlobalSection
	GlobalSection(ProjectConfigurationPlatforms) = postSolution
		{E8E22A73-D0DB-4008-B13D-416EA7F56917}.Debug|Any CPU.ActiveCfg = Release|Any CPU
		{E8E22A73-D0DB-4008-B13D-416EA7F56917}.Debug|Any CPU.Build.0 = Release|Any CPU
		{E8E22A73-D0DB-4008-B13D-416EA7F56917}.Release|Any CPU.ActiveCfg = Release|Any CPU
		{E8E22A73-D0DB-4008-B13D-416EA7F56917}.Release|Any CPU.Build.0 = Release|Any CPU
	EndGlobalSection
	GlobalSection(SolutionProperties) = preSolution
		HideSolutionNode = FALSE
	EndGlobalSection
	GlobalSection(ExtensibilityGlobals) = postSolution
		SolutionGuid = {6F881EB7-8746-49B7-86D8-B9AF17D2D71F}
	EndGlobalSection
EndGlobal
